
Microsoft Visual Studio Solution File, Format Version 12.00
# Visual Studio Version 17
VisualStudioVersion = 17.14.36429.23 d17.14
MinimumVisualStudioVersion = 10.0.40219.1
Project("{FAE04EC0-301F-11D3-BF4B-00C04F79EFBC}") = "ConsoleApp1", "ConsoleApp1\ConsoleApp1.csproj", "{950B352D-9700-4C8D-86EA-5639D5339DCC}"
EndProject
Global
	GlobalSection(SolutionConfigurationPlatforms) = preSolution
		Debug|Any CPU = Debug|Any CPU
		Release|Any CPU = Release|Any CPU
	EndGlobalSection
	GlobalSection(ProjectConfigurationPlatforms) = postSolution
		{950B352D-9700-4C8D-86EA-5639D5339DCC}.Debug|Any CPU.ActiveCfg = Debug|Any CPU
		{950B352D-9700-4C8D-86EA-5639D5339DCC}.Debug|Any CPU.Build.0 = Debug|Any CPU
		{950B352D-9700-4C8D-86EA-5639D5339DCC}.Release|Any CPU.ActiveCfg = Release|Any CPU
		{950B352D-9700-4C8D-86EA-5639D5339DCC}.Release|Any CPU.Build.0 = Release|Any CPU
	EndGlobalSection
	GlobalSection(SolutionProperties) = preSolution
		HideSolutionNode = FALSE
	EndGlobalSection
	GlobalSection(ExtensibilityGlobals) = postSolution
		SolutionGuid = {C6A152BB-B37F-4D43-8AA6-ACDD0DEB1D12}
	EndGlobalSection
EndGlobal
