
Microsoft Visual Studio Solution File, Format Version 12.00
# Visual Studio Version 17
VisualStudioVersion = 17.14.36518.9 d17.14
MinimumVisualStudioVersion = 10.0.40219.1
Project("{888888A0-9F3D-457C-B088-3A5042F75D52}") = "laba-4-n-2", "laba-4-n-2.pyproj", "{493ADAA3-8768-4AC4-8B38-D482353B0D17}"
EndProject
Global
	GlobalSection(SolutionConfigurationPlatforms) = preSolution
		Debug|Any CPU = Debug|Any CPU
		Release|Any CPU = Release|Any CPU
	EndGlobalSection
	GlobalSection(ProjectConfigurationPlatforms) = postSolution
		{493ADAA3-8768-4AC4-8B38-D482353B0D17}.Debug|Any CPU.ActiveCfg = Debug|Any CPU
		{493ADAA3-8768-4AC4-8B38-D482353B0D17}.Release|Any CPU.ActiveCfg = Release|Any CPU
	EndGlobalSection
	GlobalSection(SolutionProperties) = preSolution
		HideSolutionNode = FALSE
	EndGlobalSection
	GlobalSection(ExtensibilityGlobals) = postSolution
		SolutionGuid = {1A1A6F04-B81A-4D27-81E6-93E6487E255D}
	EndGlobalSection
EndGlobal
