
Microsoft Visual Studio Solution File, Format Version 12.00
# Visual Studio Version 17
VisualStudioVersion = 17.14.36518.9 d17.14
MinimumVisualStudioVersion = 10.0.40219.1
Project("{FAE04EC0-301F-11D3-BF4B-00C04F79EFBC}") = "laba-5-n-3", "laba-5-n-3.csproj", "{BDA156D6-4D1B-47ED-A051-5F31F638E68F}"
EndProject
Global
	GlobalSection(SolutionConfigurationPlatforms) = preSolution
		Debug|Any CPU = Debug|Any CPU
		Release|Any CPU = Release|Any CPU
	EndGlobalSection
	GlobalSection(ProjectConfigurationPlatforms) = postSolution
		{BDA156D6-4D1B-47ED-A051-5F31F638E68F}.Debug|Any CPU.ActiveCfg = Debug|Any CPU
		{BDA156D6-4D1B-47ED-A051-5F31F638E68F}.Debug|Any CPU.Build.0 = Debug|Any CPU
		{BDA156D6-4D1B-47ED-A051-5F31F638E68F}.Release|Any CPU.ActiveCfg = Release|Any CPU
		{BDA156D6-4D1B-47ED-A051-5F31F638E68F}.Release|Any CPU.Build.0 = Release|Any CPU
	EndGlobalSection
	GlobalSection(SolutionProperties) = preSolution
		HideSolutionNode = FALSE
	EndGlobalSection
	GlobalSection(ExtensibilityGlobals) = postSolution
		SolutionGuid = {085E1B29-0EF7-4F37-9432-1E3B5C3079D8}
	EndGlobalSection
EndGlobal
