
Microsoft Visual Studio Solution File, Format Version 12.00
# Visual Studio Version 17
VisualStudioVersion = 17.14.36518.9 d17.14
MinimumVisualStudioVersion = 10.0.40219.1
Project("{888888A0-9F3D-457C-B088-3A5042F75D52}") = "laba-5-n-2", "laba-5-n-2.pyproj", "{19A0904A-CA0C-48FA-A288-CE57181586D5}"
EndProject
Global
	GlobalSection(SolutionConfigurationPlatforms) = preSolution
		Debug|Any CPU = Debug|Any CPU
		Release|Any CPU = Release|Any CPU
	EndGlobalSection
	GlobalSection(ProjectConfigurationPlatforms) = postSolution
		{19A0904A-CA0C-48FA-A288-CE57181586D5}.Debug|Any CPU.ActiveCfg = Debug|Any CPU
		{19A0904A-CA0C-48FA-A288-CE57181586D5}.Release|Any CPU.ActiveCfg = Release|Any CPU
	EndGlobalSection
	GlobalSection(SolutionProperties) = preSolution
		HideSolutionNode = FALSE
	EndGlobalSection
	GlobalSection(ExtensibilityGlobals) = postSolution
		SolutionGuid = {170892B9-B0AA-4BE1-91DF-87E440A8CBD8}
	EndGlobalSection
EndGlobal
